# Generated by pub
# See https://dart.dev/tools/pub/glossary#lockfile
packages:
  _fe_analyzer_shared:
    dependency: transitive
    description:
      name: _fe_analyzer_shared
      sha256: ae92f5d747aee634b87f89d9946000c2de774be1d6ac3e58268224348cd0101a
      url: "https://pub.dev"
    source: hosted
    version: "61.0.0"
  _flutterfire_internals:
    dependency: transitive
    description:
      name: _flutterfire_internals
      sha256: f5628cd9c92ed11083f425fd1f8f1bc60ecdda458c81d73b143aeda036c35fe7
      url: "https://pub.dev"
    source: hosted
    version: "1.3.16"
  analyzer:
    dependency: transitive
    description:
      name: analyzer
      sha256: ea3d8652bda62982addfd92fdc2d0214e5f82e43325104990d4f4c4a2a313562
      url: "https://pub.dev"
    source: hosted
    version: "5.13.0"
  animated_bottom_navigation_bar:
    dependency: "direct main"
    description:
      path: animated_bottom_navigation_bar
      relative: true
    source: path
    version: "1.1.0+1"
  args:
    dependency: transitive
    description:
      name: args
      sha256: "4cab82a83ffef80b262ddedf47a0a8e56ee6fbf7fe21e6e768b02792034dd440"
      url: "https://pub.dev"
    source: hosted
    version: "2.4.0"
  async:
    dependency: transitive
    description:
      name: async
      sha256: "947bfcf187f74dbc5e146c9eb9c0f10c9f8b30743e341481c1e2ed3ecc18c20c"
      url: "https://pub.dev"
    source: hosted
    version: "2.11.0"
  audio_session:
    dependency: transitive
    description:
      name: audio_session
      sha256: e4acc4e9eaa32436dfc5d7aed7f0a370f2d7bb27ee27de30d6c4f220c2a05c73
      url: "https://pub.dev"
    source: hosted
    version: "0.1.13"
  avatar_glow:
    dependency: "direct main"
    description:
      name: avatar_glow
      sha256: "848d9a85065e398241d8ffae0dcc50902980c24490aef21fd4c6b6342d4c26b4"
      url: "https://pub.dev"
    source: hosted
    version: "3.0.1"
  boolean_selector:
    dependency: transitive
    description:
      name: boolean_selector
      sha256: "6cfb5af12253eaf2b368f07bacc5a80d1301a071c73360d746b7f2e32d762c66"
      url: "https://pub.dev"
    source: hosted
    version: "2.1.1"
  cached_network_image:
    dependency: "direct main"
    description:
      name: cached_network_image
      sha256: "28ea9690a8207179c319965c13cd8df184d5ee721ae2ce60f398ced1219cea1f"
      url: "https://pub.dev"
    source: hosted
    version: "3.3.1"
  cached_network_image_platform_interface:
    dependency: transitive
    description:
      name: cached_network_image_platform_interface
      sha256: "9e90e78ae72caa874a323d78fa6301b3fb8fa7ea76a8f96dc5b5bf79f283bf2f"
      url: "https://pub.dev"
    source: hosted
    version: "4.0.0"
  cached_network_image_web:
    dependency: transitive
    description:
      name: cached_network_image_web
      sha256: "42a835caa27c220d1294311ac409a43361088625a4f23c820b006dd9bffb3316"
      url: "https://pub.dev"
    source: hosted
    version: "1.1.1"
  characters:
    dependency: transitive
    description:
      name: characters
      sha256: "04a925763edad70e8443c99234dc3328f442e811f1d8fd1a72f1c8ad0f69a605"
      url: "https://pub.dev"
    source: hosted
    version: "1.3.0"
  chewie:
    dependency: transitive
    description:
      name: chewie
      sha256: "3427e469d7cc99536ac4fbaa069b3352c21760263e65ffb4f0e1c054af43a73e"
      url: "https://pub.dev"
    source: hosted
    version: "1.7.4"
  clock:
    dependency: transitive
    description:
      name: clock
      sha256: cb6d7f03e1de671e34607e909a7213e31d7752be4fb66a86d29fe1eb14bfb5cf
      url: "https://pub.dev"
    source: hosted
    version: "1.1.1"
  cloud_firestore:
    dependency: "direct main"
    description:
      name: cloud_firestore
      sha256: "8bfbb5a2edbc6052452326d60de0113fea2bcbf081d34a3f8e45c8b38307b31c"
      url: "https://pub.dev"
    source: hosted
    version: "4.14.0"
  cloud_firestore_platform_interface:
    dependency: transitive
    description:
      name: cloud_firestore_platform_interface
      sha256: "73ff438fe46028f0e19f55da18b6ddc6906ab750562cd7d9ffab77ff8c0c4307"
      url: "https://pub.dev"
    source: hosted
    version: "6.1.0"
  cloud_firestore_web:
    dependency: transitive
    description:
      name: cloud_firestore_web
      sha256: "232e45e95970d3a6baab8f50f9c3a6e2838d145d9d91ec9a7392837c44296397"
      url: "https://pub.dev"
    source: hosted
    version: "3.9.0"
  collection:
    dependency: transitive
    description:
      name: collection
      sha256: ee67cb0715911d28db6bf4af1026078bd6f0128b07a5f66fb2ed94ec6783c09a
      url: "https://pub.dev"
    source: hosted
    version: "1.18.0"
  connectivity:
    dependency: "direct main"
    description:
      name: connectivity
      sha256: a8e91263cf3e25fb5cc95e19dfde4999e32a648ac3b9e8a558a28165731678f8
      url: "https://pub.dev"
    source: hosted
    version: "3.0.6"
  connectivity_for_web:
    dependency: transitive
    description:
      name: connectivity_for_web
      sha256: "01a390c1d5adc2ed1fa1f52d120c07fe9fd01166a93f965a832fd6cfc0ea6482"
      url: "https://pub.dev"
    source: hosted
    version: "0.4.0+1"
  connectivity_macos:
    dependency: transitive
    description:
      name: connectivity_macos
      sha256: "51ae08d5162eca9669b9d8951ed83ce19c5355a81149f94e4dee2740beb93628"
      url: "https://pub.dev"
    source: hosted
    version: "0.2.1+2"
  connectivity_platform_interface:
    dependency: transitive
    description:
      name: connectivity_platform_interface
      sha256: "2d82e942df9d49f29a24bb07fb5ce085d4a53e47818c62364d2b6deb9e0d7a8e"
      url: "https://pub.dev"
    source: hosted
    version: "2.0.1"
  convert:
    dependency: transitive
    description:
      name: convert
      sha256: "0f08b14755d163f6e2134cb58222dd25ea2a2ee8a195e53983d57c075324d592"
      url: "https://pub.dev"
    source: hosted
    version: "3.1.1"
  crypto:
    dependency: transitive
    description:
      name: crypto
      sha256: aa274aa7774f8964e4f4f38cc994db7b6158dd36e9187aaceaddc994b35c6c67
      url: "https://pub.dev"
    source: hosted
    version: "3.0.2"
  csslib:
    dependency: transitive
    description:
      name: csslib
      sha256: b36c7f7e24c0bdf1bf9a3da461c837d1de64b9f8beb190c9011d8c72a3dfd745
      url: "https://pub.dev"
    source: hosted
    version: "0.17.2"
  cupertino_icons:
    dependency: transitive
    description:
      name: cupertino_icons
      sha256: e35129dc44c9118cee2a5603506d823bab99c68393879edb440e0090d07586be
      url: "https://pub.dev"
    source: hosted
    version: "1.0.5"
  dbus:
    dependency: transitive
    description:
      name: dbus
      sha256: "365c771ac3b0e58845f39ec6deebc76e3276aa9922b0cc60840712094d9047ac"
      url: "https://pub.dev"
    source: hosted
    version: "0.7.10"
  device_info_plus:
    dependency: "direct main"
    description:
      name: device_info_plus
      sha256: "77f757b789ff68e4eaf9c56d1752309bd9f7ad557cb105b938a7f8eb89e59110"
      url: "https://pub.dev"
    source: hosted
    version: "9.1.2"
  device_info_plus_platform_interface:
    dependency: transitive
    description:
      name: device_info_plus_platform_interface
      sha256: d3b01d5868b50ae571cd1dc6e502fc94d956b665756180f7b16ead09e836fd64
      url: "https://pub.dev"
    source: hosted
    version: "7.0.0"
  dots_indicator:
    dependency: "direct main"
    description:
      name: dots_indicator
      sha256: "58b6a365744aa62aa1b70c4ea29e5106fbe064f5edaf7e9652e9b856edbfd9bb"
      url: "https://pub.dev"
    source: hosted
    version: "3.0.0"
  fake_async:
    dependency: transitive
    description:
      name: fake_async
      sha256: "511392330127add0b769b75a987850d136345d9227c6b94c96a04cf4a391bf78"
      url: "https://pub.dev"
    source: hosted
    version: "1.3.1"
  ffi:
    dependency: transitive
    description:
      name: ffi
      sha256: a38574032c5f1dd06c4aee541789906c12ccaab8ba01446e800d9c5b79c4a978
      url: "https://pub.dev"
    source: hosted
    version: "2.0.1"
  file:
    dependency: transitive
    description:
      name: file
      sha256: "1b92bec4fc2a72f59a8e15af5f52cd441e4a7860b49499d69dfa817af20e925d"
      url: "https://pub.dev"
    source: hosted
    version: "6.1.4"
  firebase_auth:
    dependency: "direct main"
    description:
      name: firebase_auth
      sha256: "279b2773ff61afd9763202cb5582e2b995ee57419d826b9af6517302a59b672f"
      url: "https://pub.dev"
    source: hosted
    version: "4.16.0"
  firebase_auth_platform_interface:
    dependency: transitive
    description:
      name: firebase_auth_platform_interface
      sha256: "3c9cfaccb7549492edf5b0c67c6dd1c6727c7830891aa6727f2fb225f0226626"
      url: "https://pub.dev"
    source: hosted
    version: "7.0.9"
  firebase_auth_web:
    dependency: transitive
    description:
      name: firebase_auth_web
      sha256: c7b1379ccef7abf4b6816eede67a868c44142198e42350f51c01d8fc03f95a7d
      url: "https://pub.dev"
    source: hosted
    version: "5.8.13"
  firebase_core:
    dependency: "direct main"
    description:
      name: firebase_core
      sha256: "96607c0e829a581c2a483c658f04e8b159964c3bae2730f73297070bc85d40bb"
      url: "https://pub.dev"
    source: hosted
    version: "2.24.2"
  firebase_core_platform_interface:
    dependency: transitive
    description:
      name: firebase_core_platform_interface
      sha256: c437ae5d17e6b5cc7981cf6fd458a5db4d12979905f9aafd1fea930428a9fe63
      url: "https://pub.dev"
    source: hosted
    version: "5.0.0"
  firebase_core_web:
    dependency: transitive
    description:
      name: firebase_core_web
      sha256: d585bdf3c656c3f7821ba1bd44da5f13365d22fcecaf5eb75c4295246aaa83c0
      url: "https://pub.dev"
    source: hosted
    version: "2.10.0"
  firebase_messaging:
    dependency: "direct main"
    description:
      name: firebase_messaging
      sha256: "980259425fa5e2afc03e533f33723335731d21a56fd255611083bceebf4373a8"
      url: "https://pub.dev"
    source: hosted
    version: "14.7.10"
  firebase_messaging_platform_interface:
    dependency: transitive
    description:
      name: firebase_messaging_platform_interface
      sha256: "54e283a0e41d81d854636ad0dad73066adc53407a60a7c3189c9656e2f1b6107"
      url: "https://pub.dev"
    source: hosted
    version: "4.5.18"
  firebase_messaging_web:
    dependency: transitive
    description:
      name: firebase_messaging_web
      sha256: "90dc7ed885e90a24bb0e56d661d4d2b5f84429697fd2cbb9e5890a0ca370e6f4"
      url: "https://pub.dev"
    source: hosted
    version: "3.5.18"
  flutter:
    dependency: "direct main"
    description: flutter
    source: sdk
    version: "0.0.0"
  flutter_cache_manager:
    dependency: transitive
    description:
      name: flutter_cache_manager
      sha256: "8207f27539deb83732fdda03e259349046a39a4c767269285f449ade355d54ba"
      url: "https://pub.dev"
    source: hosted
    version: "3.3.1"
  flutter_html:
    dependency: "direct main"
    description:
      name: flutter_html
      sha256: "02ad69e813ecfc0728a455e4bf892b9379983e050722b1dce00192ee2e41d1ee"
      url: "https://pub.dev"
    source: hosted
    version: "3.0.0-beta.2"
  flutter_icons:
    dependency: "direct main"
    description:
      path: flutter_icons
      relative: true
    source: path
    version: "1.1.0"
  flutter_inappwebview:
    dependency: transitive
    description:
      name: flutter_inappwebview
      sha256: "838edeb770c5e6de8f178dbe6821bc31acf081fe9754210a03399b350261a491"
      url: "https://pub.dev"
    source: hosted
    version: "6.0.0-beta.28"
  flutter_inappwebview_internal_annotations:
    dependency: transitive
    description:
      name: flutter_inappwebview_internal_annotations
      sha256: "5f80fd30e208ddded7dbbcd0d569e7995f9f63d45ea3f548d8dd4c0b473fb4c8"
      url: "https://pub.dev"
    source: hosted
    version: "1.1.1"
  flutter_keyboard_visibility:
    dependency: transitive
    description:
      name: flutter_keyboard_visibility
      sha256: "4983655c26ab5b959252ee204c2fffa4afeb4413cd030455194ec0caa3b8e7cb"
      url: "https://pub.dev"
    source: hosted
    version: "5.4.1"
  flutter_keyboard_visibility_linux:
    dependency: transitive
    description:
      name: flutter_keyboard_visibility_linux
      sha256: "6fba7cd9bb033b6ddd8c2beb4c99ad02d728f1e6e6d9b9446667398b2ac39f08"
      url: "https://pub.dev"
    source: hosted
    version: "1.0.0"
  flutter_keyboard_visibility_macos:
    dependency: transitive
    description:
      name: flutter_keyboard_visibility_macos
      sha256: c5c49b16fff453dfdafdc16f26bdd8fb8d55812a1d50b0ce25fc8d9f2e53d086
      url: "https://pub.dev"
    source: hosted
    version: "1.0.0"
  flutter_keyboard_visibility_platform_interface:
    dependency: transitive
    description:
      name: flutter_keyboard_visibility_platform_interface
      sha256: e43a89845873f7be10cb3884345ceb9aebf00a659f479d1c8f4293fcb37022a4
      url: "https://pub.dev"
    source: hosted
    version: "2.0.0"
  flutter_keyboard_visibility_web:
    dependency: transitive
    description:
      name: flutter_keyboard_visibility_web
      sha256: d3771a2e752880c79203f8d80658401d0c998e4183edca05a149f5098ce6e3d1
      url: "https://pub.dev"
    source: hosted
    version: "2.0.0"
  flutter_keyboard_visibility_windows:
    dependency: transitive
    description:
      name: flutter_keyboard_visibility_windows
      sha256: fc4b0f0b6be9b93ae527f3d527fb56ee2d918cd88bbca438c478af7bcfd0ef73
      url: "https://pub.dev"
    source: hosted
    version: "1.0.0"
  flutter_lints:
    dependency: "direct dev"
    description:
      name: flutter_lints
      sha256: e2a421b7e59244faef694ba7b30562e489c2b489866e505074eb005cd7060db7
      url: "https://pub.dev"
    source: hosted
    version: "3.0.1"
  flutter_login_facebook:
    dependency: "direct main"
    description:
      name: flutter_login_facebook
      sha256: ad38ae738c6d6ff5f9cb5ef4025d90b03045cb8c4e976d470067df2490b5ca30
      url: "https://pub.dev"
    source: hosted
    version: "1.9.0"
  flutter_svg:
    dependency: transitive
    description:
      name: flutter_svg
      sha256: "97c5b291b4fd34ae4f55d6a4c05841d4d0ed94952e033c5a6529e1b47b4d2a29"
      url: "https://pub.dev"
    source: hosted
    version: "2.0.2"
  flutter_test:
    dependency: "direct dev"
    description: flutter
    source: sdk
    version: "0.0.0"
  flutter_web_plugins:
    dependency: transitive
    description: flutter
    source: sdk
    version: "0.0.0"
  flutter_widget_from_html:
    dependency: "direct main"
    description:
      name: flutter_widget_from_html
      sha256: "22c911b6ccf82b83e0c457d987bac4e703440fea0fc88dab24f4dfe995a5f33f"
      url: "https://pub.dev"
    source: hosted
    version: "0.14.11"
  flutter_widget_from_html_core:
    dependency: transitive
    description:
      name: flutter_widget_from_html_core
      sha256: "028f4989b9ff4907466af233d50146d807772600d98a3e895662fbdb09c39225"
      url: "https://pub.dev"
    source: hosted
    version: "0.14.11"
  focused_menu:
    dependency: "direct main"
    description:
      name: focused_menu
      sha256: bd06bf580a8573e100571a1d9bc27c2200a38681de30eeda96246df1eac06749
      url: "https://pub.dev"
    source: hosted
    version: "1.0.5"
  fwfh_cached_network_image:
    dependency: transitive
    description:
      name: fwfh_cached_network_image
      sha256: "952aea958a5fda7d616cc297ba4bc08427e381459e75526fa375d6d8345630d3"
      url: "https://pub.dev"
    source: hosted
    version: "0.14.2"
  fwfh_chewie:
    dependency: transitive
    description:
      name: fwfh_chewie
      sha256: bbb036cd322ab77dc0edd34cbbf76181681f5e414987ece38745dc4f3d7408ed
      url: "https://pub.dev"
    source: hosted
    version: "0.14.7"
  fwfh_just_audio:
    dependency: transitive
    description:
      name: fwfh_just_audio
      sha256: "4962bc59cf8bbb0a77a55ff56a7b925612b0d8263bc2ede3636b9c86113cb493"
      url: "https://pub.dev"
    source: hosted
    version: "0.14.2"
  fwfh_svg:
    dependency: transitive
    description:
      name: fwfh_svg
      sha256: "3fd83926b7245d287f133a437ef430befd99d3b00ba8c600f26cc324af281f72"
      url: "https://pub.dev"
    source: hosted
    version: "0.8.1"
  fwfh_url_launcher:
    dependency: transitive
    description:
      name: fwfh_url_launcher
      sha256: "2a526c9819f74b4106ba2fba4dac79f0082deecd8d2c7011cd0471cb710e3eff"
      url: "https://pub.dev"
    source: hosted
    version: "0.9.0+4"
  fwfh_webview:
    dependency: transitive
    description:
      name: fwfh_webview
      sha256: b828bb5ddd4361a866cdb8f1b0de4f3348f332915ecf2f4215ba17e46c656adc
      url: "https://pub.dev"
    source: hosted
    version: "0.14.8"
  glob:
    dependency: transitive
    description:
      name: glob
      sha256: "0e7014b3b7d4dac1ca4d6114f82bf1782ee86745b9b42a92c9289c23d8a0ab63"
      url: "https://pub.dev"
    source: hosted
    version: "2.1.2"
  google_fonts:
    dependency: "direct main"
    description:
      name: google_fonts
      sha256: f0b8d115a13ecf827013ec9fc883390ccc0e87a96ed5347a3114cac177ef18e8
      url: "https://pub.dev"
    source: hosted
    version: "6.1.0"
  google_identity_services_web:
    dependency: transitive
    description:
      name: google_identity_services_web
      sha256: "15b855770eec73cf9862db06733aae0e3c428a2795c65432c3029e555caf6267"
      url: "https://pub.dev"
    source: hosted
    version: "0.3.0+1"
  google_sign_in:
    dependency: "direct main"
    description:
      name: google_sign_in
      sha256: "0b8787cb9c1a68ad398e8010e8c8766bfa33556d2ab97c439fb4137756d7308f"
      url: "https://pub.dev"
    source: hosted
    version: "6.2.1"
  google_sign_in_android:
    dependency: transitive
    description:
      name: google_sign_in_android
      sha256: "612bf44d5de01f32bf127ea1c8114281075c7a39f621d1e34cf70aa069840c5c"
      url: "https://pub.dev"
    source: hosted
    version: "6.1.6"
  google_sign_in_ios:
    dependency: transitive
    description:
      name: google_sign_in_ios
      sha256: e050cd907db1ee441b8efc0d8db63f3514f343872fdef6de36940fb09a92b2d7
      url: "https://pub.dev"
    source: hosted
    version: "5.7.0"
  google_sign_in_platform_interface:
    dependency: transitive
    description:
      name: google_sign_in_platform_interface
      sha256: e10eaaa30a0cb03af12dd324fb2e630ac7e9d854d0530f7a87a4d825031f9a4a
      url: "https://pub.dev"
    source: hosted
    version: "2.4.3"
  google_sign_in_web:
    dependency: transitive
    description:
      name: google_sign_in_web
      sha256: d77bc2a7a6996a82da3dc72a05cf7c5c60105eee82a99ff214d7e1a65cad239d
      url: "https://pub.dev"
    source: hosted
    version: "0.12.3"
  html:
    dependency: transitive
    description:
      name: html
      sha256: "3a7812d5bcd2894edf53dfaf8cd640876cf6cef50a8f238745c8b8120ea74d3a"
      url: "https://pub.dev"
    source: hosted
    version: "0.15.4"
  html_unescape:
    dependency: "direct main"
    description:
      name: html_unescape
      sha256: "15362d7a18f19d7b742ef8dcb811f5fd2a2df98db9f80ea393c075189e0b61e3"
      url: "https://pub.dev"
    source: hosted
    version: "2.0.0"
  http:
    dependency: transitive
    description:
      name: http
      sha256: d4872660c46d929f6b8a9ef4e7a7eff7e49bbf0c4ec3f385ee32df5119175139
      url: "https://pub.dev"
    source: hosted
    version: "1.1.2"
  http_parser:
    dependency: transitive
    description:
      name: http_parser
      sha256: "2aa08ce0341cc9b354a498388e30986515406668dbcc4f7c950c3e715496693b"
      url: "https://pub.dev"
    source: hosted
    version: "4.0.2"
  in_app_update:
    dependency: "direct main"
    description:
      name: in_app_update
      sha256: b6ccb757281a96a4b18536f68fe2567aeca865134218719364212da8fe94615c
      url: "https://pub.dev"
    source: hosted
    version: "4.2.2"
  intl:
    dependency: "direct main"
    description:
      name: intl
      sha256: d6f56758b7d3014a48af9701c085700aac781a92a87a62b1333b46d8879661cf
      url: "https://pub.dev"
    source: hosted
    version: "0.19.0"
  introduction_screen:
    dependency: "direct main"
    description:
      name: introduction_screen
      sha256: "72d25ceb71471773783f72783608e17585af93d4bc6474df577fcfe9e7842852"
      url: "https://pub.dev"
    source: hosted
    version: "3.1.12"
  js:
    dependency: transitive
    description:
      name: js
      sha256: "5528c2f391ededb7775ec1daa69e65a2d61276f7552de2b5f7b8d34ee9fd4ab7"
      url: "https://pub.dev"
    source: hosted
    version: "0.6.5"
  just_audio:
    dependency: transitive
    description:
      name: just_audio
      sha256: "7a5057a4d05c8f88ee968cec6fdfe1015577d5184e591d5ac15ab16d8f5ecb17"
      url: "https://pub.dev"
    source: hosted
    version: "0.9.31"
  just_audio_platform_interface:
    dependency: transitive
    description:
      name: just_audio_platform_interface
      sha256: eff112d5138bea3ba544b6338b1e0537a32b5e1425e4d0dc38f732771cda7c84
      url: "https://pub.dev"
    source: hosted
    version: "4.2.0"
  just_audio_web:
    dependency: transitive
    description:
      name: just_audio_web
      sha256: "89d8db6f19f3821bb6bf908c4bfb846079afb2ab575b783d781a6bf119e3abaf"
      url: "https://pub.dev"
    source: hosted
    version: "0.4.7"
  line_icons:
    dependency: "direct main"
    description:
      name: line_icons
      sha256: "249d781d922f5437ac763d9c8f5a02cf5b499a6dc3f85e4b92e074cff0a932ab"
      url: "https://pub.dev"
    source: hosted
    version: "2.0.3"
  lints:
    dependency: transitive
    description:
      name: lints
      sha256: cbf8d4b858bb0134ef3ef87841abdf8d63bfc255c266b7bf6b39daa1085c4290
      url: "https://pub.dev"
    source: hosted
    version: "3.0.0"
  list_counter:
    dependency: transitive
    description:
      name: list_counter
      sha256: c447ae3dfcd1c55f0152867090e67e219d42fe6d4f2807db4bbe8b8d69912237
      url: "https://pub.dev"
    source: hosted
    version: "1.0.2"
  list_ext:
    dependency: transitive
    description:
      name: list_ext
      sha256: a38869a6911830f39ace7534972d01e573e17917955b26215e54d5797eb8d5cd
      url: "https://pub.dev"
    source: hosted
    version: "1.0.6"
  logging:
    dependency: transitive
    description:
      name: logging
      sha256: "623a88c9594aa774443aa3eb2d41807a48486b5613e67599fb4c41c0ad47c340"
      url: "https://pub.dev"
    source: hosted
    version: "1.2.0"
  matcher:
    dependency: transitive
    description:
      name: matcher
      sha256: "1803e76e6653768d64ed8ff2e1e67bea3ad4b923eb5c56a295c3e634bad5960e"
      url: "https://pub.dev"
    source: hosted
    version: "0.12.16"
  material_color_utilities:
    dependency: transitive
    description:
      name: material_color_utilities
      sha256: "9528f2f296073ff54cb9fee677df673ace1218163c3bc7628093e7eed5203d41"
      url: "https://pub.dev"
    source: hosted
    version: "0.5.0"
  meta:
    dependency: transitive
    description:
      name: meta
      sha256: a6e590c838b18133bb482a2745ad77c5bb7715fb0451209e1a7567d416678b8e
      url: "https://pub.dev"
    source: hosted
    version: "1.10.0"
  mime:
    dependency: transitive
    description:
      name: mime
      sha256: e4ff8e8564c03f255408decd16e7899da1733852a9110a58fe6d1b817684a63e
      url: "https://pub.dev"
    source: hosted
    version: "1.0.4"
  nested:
    dependency: transitive
    description:
      name: nested
      sha256: "03bac4c528c64c95c722ec99280375a6f2fc708eec17c7b3f07253b626cd2a20"
      url: "https://pub.dev"
    source: hosted
    version: "1.0.0"
  octo_image:
    dependency: transitive
    description:
      name: octo_image
      sha256: "45b40f99622f11901238e18d48f5f12ea36426d8eced9f4cbf58479c7aa2430d"
      url: "https://pub.dev"
    source: hosted
    version: "2.0.0"
  package_config:
    dependency: transitive
    description:
      name: package_config
      sha256: "1c5b77ccc91e4823a5af61ee74e6b972db1ef98c2ff5a18d3161c982a55448bd"
      url: "https://pub.dev"
    source: hosted
    version: "2.1.0"
  package_info_plus:
    dependency: transitive
    description:
      name: package_info_plus
      sha256: "88bc797f44a94814f2213db1c9bd5badebafdfb8290ca9f78d4b9ee2a3db4d79"
      url: "https://pub.dev"
    source: hosted
    version: "5.0.1"
  package_info_plus_platform_interface:
    dependency: transitive
    description:
      name: package_info_plus_platform_interface
      sha256: "9bc8ba46813a4cc42c66ab781470711781940780fd8beddd0c3da62506d3a6c6"
      url: "https://pub.dev"
    source: hosted
    version: "2.0.1"
  path:
    dependency: transitive
    description:
      name: path
      sha256: "8829d8a55c13fc0e37127c29fedf290c102f4e40ae94ada574091fe0ff96c917"
      url: "https://pub.dev"
    source: hosted
    version: "1.8.3"
  path_parsing:
    dependency: transitive
    description:
      name: path_parsing
      sha256: e3e67b1629e6f7e8100b367d3db6ba6af4b1f0bb80f64db18ef1fbabd2fa9ccf
      url: "https://pub.dev"
    source: hosted
    version: "1.0.1"
  path_provider:
    dependency: transitive
    description:
      name: path_provider
      sha256: dcea5feb97d8abf90cab9e9030b497fb7c3cbf26b7a1fe9e3ef7dcb0a1ddec95
      url: "https://pub.dev"
    source: hosted
    version: "2.0.12"
  path_provider_android:
    dependency: transitive
    description:
      name: path_provider_android
      sha256: a776c088d671b27f6e3aa8881d64b87b3e80201c64e8869b811325de7a76c15e
      url: "https://pub.dev"
    source: hosted
    version: "2.0.22"
  path_provider_foundation:
    dependency: transitive
    description:
      name: path_provider_foundation
      sha256: "62a68e7e1c6c459f9289859e2fae58290c981ce21d1697faf54910fe1faa4c74"
      url: "https://pub.dev"
    source: hosted
    version: "2.1.1"
  path_provider_linux:
    dependency: transitive
    description:
      name: path_provider_linux
      sha256: "2e32f1640f07caef0d3cb993680f181c79e54a3827b997d5ee221490d131fbd9"
      url: "https://pub.dev"
    source: hosted
    version: "2.1.8"
  path_provider_platform_interface:
    dependency: transitive
    description:
      name: path_provider_platform_interface
      sha256: f0abc8ebd7253741f05488b4813d936b4d07c6bae3e86148a09e342ee4b08e76
      url: "https://pub.dev"
    source: hosted
    version: "2.0.5"
  path_provider_windows:
    dependency: transitive
    description:
      name: path_provider_windows
      sha256: "1cb68ba4cd3a795033de62ba1b7b4564dace301f952de6bfb3cd91b202b6ee96"
      url: "https://pub.dev"
    source: hosted
    version: "2.1.7"
  permission_handler:
    dependency: "direct main"
    description:
      name: permission_handler
      sha256: "45ff3fbcb99040fde55c528d5e3e6ca29171298a85436274d49c6201002087d6"
      url: "https://pub.dev"
    source: hosted
    version: "11.2.0"
  permission_handler_android:
    dependency: transitive
    description:
      name: permission_handler_android
      sha256: "758284a0976772f9c744d6384fc5dc4834aa61e3f7aa40492927f244767374eb"
      url: "https://pub.dev"
    source: hosted
    version: "12.0.3"
  permission_handler_apple:
    dependency: transitive
    description:
      name: permission_handler_apple
      sha256: c6bf440f80acd2a873d3d91a699e4cc770f86e7e6b576dda98759e8b92b39830
      url: "https://pub.dev"
    source: hosted
    version: "9.3.0"
  permission_handler_html:
    dependency: transitive
    description:
      name: permission_handler_html
      sha256: "54bf176b90f6eddd4ece307e2c06cf977fb3973719c35a93b85cc7093eb6070d"
      url: "https://pub.dev"
    source: hosted
    version: "0.1.1"
  permission_handler_platform_interface:
    dependency: transitive
    description:
      name: permission_handler_platform_interface
      sha256: "5c43148f2bfb6d14c5a8162c0a712afe891f2d847f35fcff29c406b37da43c3c"
      url: "https://pub.dev"
    source: hosted
    version: "4.1.0"
  permission_handler_windows:
    dependency: transitive
    description:
      name: permission_handler_windows
      sha256: "1a790728016f79a41216d88672dbc5df30e686e811ad4e698bfc51f76ad91f1e"
      url: "https://pub.dev"
    source: hosted
    version: "0.2.1"
  petitparser:
    dependency: transitive
    description:
      name: petitparser
      sha256: "49392a45ced973e8d94a85fdb21293fbb40ba805fc49f2965101ae748a3683b4"
      url: "https://pub.dev"
    source: hosted
    version: "5.1.0"
  pigeon:
    dependency: transitive
    description:
      name: pigeon
      sha256: "5a79fd0b10423f6b5705525e32015597f861c31220b522a67d1e6b580da96719"
      url: "https://pub.dev"
    source: hosted
    version: "11.0.1"
  platform:
    dependency: transitive
    description:
      name: platform
      sha256: "4a451831508d7d6ca779f7ac6e212b4023dd5a7d08a27a63da33756410e32b76"
      url: "https://pub.dev"
    source: hosted
    version: "3.1.0"
  plugin_platform_interface:
    dependency: transitive
    description:
      name: plugin_platform_interface
      sha256: "4820fbfdb9478b1ebae27888254d445073732dae3d6ea81f0b7e06d5dedc3f02"
      url: "https://pub.dev"
    source: hosted
    version: "2.1.8"
  process:
    dependency: transitive
    description:
      name: process
      sha256: "53fd8db9cec1d37b0574e12f07520d582019cb6c44abf5479a01505099a34a09"
      url: "https://pub.dev"
    source: hosted
    version: "4.2.4"
  provider:
    dependency: "direct main"
    description:
      name: provider
      sha256: "9a96a0a19b594dbc5bf0f1f27d2bc67d5f95957359b461cd9feb44ed6ae75096"
      url: "https://pub.dev"
    source: hosted
    version: "6.1.1"
  pub_semver:
    dependency: transitive
    description:
      name: pub_semver
      sha256: "40d3ab1bbd474c4c2328c91e3a7df8c6dd629b79ece4c4bd04bee496a224fb0c"
      url: "https://pub.dev"
    source: hosted
    version: "2.1.4"
  quiver:
    dependency: transitive
    description:
      name: quiver
      sha256: b1c1ac5ce6688d77f65f3375a9abb9319b3cb32486bdc7a1e0fdf004d7ba4e47
      url: "https://pub.dev"
    source: hosted
    version: "3.2.1"
  rxdart:
    dependency: transitive
    description:
      name: rxdart
      sha256: "0c7c0cedd93788d996e33041ffecda924cc54389199cde4e6a34b440f50044cb"
      url: "https://pub.dev"
    source: hosted
    version: "0.27.7"
  share:
    dependency: "direct main"
    description:
      name: share
      sha256: "97e6403f564ed1051a01534c2fc919cb6e40ea55e60a18ec23cee6e0ce19f4be"
      url: "https://pub.dev"
    source: hosted
    version: "2.0.4"
  shared_preferences:
    dependency: "direct main"
    description:
      name: shared_preferences
      sha256: "81429e4481e1ccfb51ede496e916348668fd0921627779233bd24cc3ff6abd02"
      url: "https://pub.dev"
    source: hosted
    version: "2.2.2"
  shared_preferences_android:
    dependency: transitive
    description:
      name: shared_preferences_android
      sha256: "8568a389334b6e83415b6aae55378e158fbc2314e074983362d20c562780fb06"
      url: "https://pub.dev"
    source: hosted
    version: "2.2.1"
  shared_preferences_foundation:
    dependency: transitive
    description:
      name: shared_preferences_foundation
      sha256: "7bf53a9f2d007329ee6f3df7268fd498f8373602f943c975598bbb34649b62a7"
      url: "https://pub.dev"
    source: hosted
    version: "2.3.4"
  shared_preferences_linux:
    dependency: transitive
    description:
      name: shared_preferences_linux
      sha256: "9f2cbcf46d4270ea8be39fa156d86379077c8a5228d9dfdb1164ae0bb93f1faa"
      url: "https://pub.dev"
    source: hosted
    version: "2.3.2"
  shared_preferences_platform_interface:
    dependency: transitive
    description:
      name: shared_preferences_platform_interface
      sha256: d4ec5fc9ebb2f2e056c617112aa75dcf92fc2e4faaf2ae999caa297473f75d8a
      url: "https://pub.dev"
    source: hosted
    version: "2.3.1"
  shared_preferences_web:
    dependency: transitive
    description:
      name: shared_preferences_web
      sha256: "7b15ffb9387ea3e237bb7a66b8a23d2147663d391cafc5c8f37b2e7b4bde5d21"
      url: "https://pub.dev"
    source: hosted
    version: "2.2.2"
  shared_preferences_windows:
    dependency: transitive
    description:
      name: shared_preferences_windows
      sha256: "841ad54f3c8381c480d0c9b508b89a34036f512482c407e6df7a9c4aa2ef8f59"
      url: "https://pub.dev"
    source: hosted
    version: "2.3.2"
  skeleton_text:
    dependency: "direct main"
    description:
      name: skeleton_text
      sha256: bacd536bf0664efe1cae53bcbd78c3d4040a120f300f69dc85d83f358471cc6c
      url: "https://pub.dev"
    source: hosted
    version: "3.0.1"
  sky_engine:
    dependency: transitive
    description: flutter
    source: sdk
    version: "0.0.99"
  source_span:
    dependency: transitive
    description:
      name: source_span
      sha256: "53e943d4206a5e30df338fd4c6e7a077e02254531b138a15aec3bd143c1a8b3c"
      url: "https://pub.dev"
    source: hosted
    version: "1.10.0"
  sqflite:
    dependency: transitive
    description:
      name: sqflite
      sha256: "78324387dc81df14f78df06019175a86a2ee0437624166c382e145d0a7fd9a4f"
      url: "https://pub.dev"
    source: hosted
    version: "2.2.4+1"
  sqflite_common:
    dependency: transitive
    description:
      name: sqflite_common
      sha256: bfd6973aaeeb93475bc0d875ac9aefddf7965ef22ce09790eb963992ffc5183f
      url: "https://pub.dev"
    source: hosted
    version: "2.4.2+2"
  stack_trace:
    dependency: transitive
    description:
      name: stack_trace
      sha256: "73713990125a6d93122541237550ee3352a2d84baad52d375a4cad2eb9b7ce0b"
      url: "https://pub.dev"
    source: hosted
    version: "1.11.1"
  stream_channel:
    dependency: transitive
    description:
      name: stream_channel
      sha256: ba2aa5d8cc609d96bbb2899c28934f9e1af5cddbd60a827822ea467161eb54e7
      url: "https://pub.dev"
    source: hosted
    version: "2.1.2"
  string_scanner:
    dependency: transitive
    description:
      name: string_scanner
      sha256: "556692adab6cfa87322a115640c11f13cb77b3f076ddcc5d6ae3c20242bedcde"
      url: "https://pub.dev"
    source: hosted
    version: "1.2.0"
  synchronized:
    dependency: transitive
    description:
      name: synchronized
      sha256: "33b31b6beb98100bf9add464a36a8dd03eb10c7a8cf15aeec535e9b054aaf04b"
      url: "https://pub.dev"
    source: hosted
    version: "3.0.1"
  term_glyph:
    dependency: transitive
    description:
      name: term_glyph
      sha256: a29248a84fbb7c79282b40b8c72a1209db169a2e0542bce341da992fe1bc7e84
      url: "https://pub.dev"
    source: hosted
    version: "1.2.1"
  test_api:
    dependency: transitive
    description:
      name: test_api
      sha256: "5c2f730018264d276c20e4f1503fd1308dfbbae39ec8ee63c5236311ac06954b"
      url: "https://pub.dev"
    source: hosted
    version: "0.6.1"
  toast:
    dependency: "direct main"
    description:
      name: toast
      sha256: "12433091e3e5a25b3a25f670126e42547c9ade135de30ad9ace45d1ddccd57c9"
      url: "https://pub.dev"
    source: hosted
    version: "0.3.0"
  typed_data:
    dependency: transitive
    description:
      name: typed_data
      sha256: "26f87ade979c47a150c9eaab93ccd2bebe70a27dc0b4b29517f2904f04eb11a5"
      url: "https://pub.dev"
    source: hosted
    version: "1.3.1"
  url_launcher:
    dependency: "direct main"
    description:
      name: url_launcher
      sha256: c512655380d241a337521703af62d2c122bf7b77a46ff7dd750092aa9433499c
      url: "https://pub.dev"
    source: hosted
    version: "6.2.4"
  url_launcher_android:
    dependency: transitive
    description:
      name: url_launcher_android
      sha256: "31222ffb0063171b526d3e569079cf1f8b294075ba323443fdc690842bfd4def"
      url: "https://pub.dev"
    source: hosted
    version: "6.2.0"
  url_launcher_ios:
    dependency: transitive
    description:
      name: url_launcher_ios
      sha256: bba3373219b7abb6b5e0d071b0fe66dfbe005d07517a68e38d4fc3638f35c6d3
      url: "https://pub.dev"
    source: hosted
    version: "6.2.1"
  url_launcher_linux:
    dependency: transitive
    description:
      name: url_launcher_linux
      sha256: "9f2d390e096fdbe1e6e6256f97851e51afc2d9c423d3432f1d6a02a8a9a8b9fd"
      url: "https://pub.dev"
    source: hosted
    version: "3.1.0"
  url_launcher_macos:
    dependency: transitive
    description:
      name: url_launcher_macos
      sha256: b7244901ea3cf489c5335bdacda07264a6e960b1c1b1a9f91e4bc371d9e68234
      url: "https://pub.dev"
    source: hosted
    version: "3.1.0"
  url_launcher_platform_interface:
    dependency: transitive
    description:
      name: url_launcher_platform_interface
      sha256: "980e8d9af422f477be6948bdfb68df8433be71f5743a188968b0c1b887807e50"
      url: "https://pub.dev"
    source: hosted
    version: "2.2.0"
  url_launcher_web:
    dependency: transitive
    description:
      name: url_launcher_web
      sha256: "7286aec002c8feecc338cc33269e96b73955ab227456e9fb2a91f7fab8a358e9"
      url: "https://pub.dev"
    source: hosted
    version: "2.2.2"
  url_launcher_windows:
    dependency: transitive
    description:
      name: url_launcher_windows
      sha256: "7754a1ad30ee896b265f8d14078b0513a4dba28d358eabb9d5f339886f4a1adc"
      url: "https://pub.dev"
    source: hosted
    version: "3.1.0"
  uuid:
    dependency: transitive
    description:
      name: uuid
      sha256: "648e103079f7c64a36dc7d39369cabb358d377078a051d6ae2ad3aa539519313"
      url: "https://pub.dev"
    source: hosted
    version: "3.0.7"
  vector_graphics:
    dependency: transitive
    description:
      name: vector_graphics
      sha256: "254348b40251c995cf8301ac715486c8cfa0a93b7fdc4dbd495a30f04db1fb44"
      url: "https://pub.dev"
    source: hosted
    version: "1.1.0"
  vector_graphics_codec:
    dependency: transitive
    description:
      name: vector_graphics_codec
      sha256: "143c290b762646c696c63be5d976bde7379ea892cb6868ddc5a17cbc56e71411"
      url: "https://pub.dev"
    source: hosted
    version: "1.1.0"
  vector_graphics_compiler:
    dependency: transitive
    description:
      name: vector_graphics_compiler
      sha256: "3190cc26d9ebda686bafb9721bb6a74c6d358700f4fc978a0f2cba6912daff86"
      url: "https://pub.dev"
    source: hosted
    version: "1.1.0"
  vector_math:
    dependency: transitive
    description:
      name: vector_math
      sha256: "80b3257d1492ce4d091729e3a67a60407d227c27241d6927be0130c98e741803"
      url: "https://pub.dev"
    source: hosted
    version: "2.1.4"
  video_player:
    dependency: transitive
    description:
      name: video_player
      sha256: fbf28ce8bcfe709ad91b5789166c832cb7a684d14f571a81891858fefb5bb1c2
      url: "https://pub.dev"
    source: hosted
    version: "2.8.2"
  video_player_android:
    dependency: transitive
    description:
      name: video_player_android
      sha256: "984388511230bac63feb53b2911a70e829fe0976b6b2213f5c579c4e0a882db3"
      url: "https://pub.dev"
    source: hosted
    version: "2.3.10"
  video_player_avfoundation:
    dependency: transitive
    description:
      name: video_player_avfoundation
      sha256: "309e3962795e761be010869bae65c0b0e45b5230c5cee1bec72197ca7db040ed"
      url: "https://pub.dev"
    source: hosted
    version: "2.5.6"
  video_player_platform_interface:
    dependency: transitive
    description:
      name: video_player_platform_interface
      sha256: "236454725fafcacf98f0f39af0d7c7ab2ce84762e3b63f2cbb3ef9a7e0550bc6"
      url: "https://pub.dev"
    source: hosted
    version: "6.2.2"
  video_player_web:
    dependency: transitive
    description:
      name: video_player_web
      sha256: b649b07b8f8f553bee4a97a0a53d0fe78a70b115eafaf0105b612b32b05ddb99
      url: "https://pub.dev"
    source: hosted
    version: "2.0.13"
  wakelock_plus:
    dependency: transitive
    description:
      name: wakelock_plus
      sha256: f268ca2116db22e57577fb99d52515a24bdc1d570f12ac18bb762361d43b043d
      url: "https://pub.dev"
    source: hosted
    version: "1.1.4"
  wakelock_plus_platform_interface:
    dependency: transitive
    description:
      name: wakelock_plus_platform_interface
      sha256: "40fabed5da06caff0796dc638e1f07ee395fb18801fbff3255a2372db2d80385"
      url: "https://pub.dev"
    source: hosted
    version: "1.1.0"
  watcher:
    dependency: transitive
    description:
      name: watcher
      sha256: "3d2ad6751b3c16cf07c7fca317a1413b3f26530319181b37e3b9039b84fc01d8"
      url: "https://pub.dev"
    source: hosted
    version: "1.1.0"
  web:
    dependency: transitive
    description:
      name: web
      sha256: afe077240a270dcfd2aafe77602b4113645af95d0ad31128cc02bce5ac5d5152
      url: "https://pub.dev"
    source: hosted
    version: "0.3.0"
  webview_flutter:
    dependency: transitive
    description:
      name: webview_flutter
      sha256: dad1f2caa3272071275436984eb123276a6810dbe7cd6f4c60697640b56a4699
      url: "https://pub.dev"
    source: hosted
    version: "4.0.4"
  webview_flutter_android:
    dependency: transitive
    description:
      name: webview_flutter_android
      sha256: "8326ee235f87605a2bfc444a4abc897f4abc78d83f054ba7d3d1074ce82b4fbf"
      url: "https://pub.dev"
    source: hosted
    version: "3.12.1"
  webview_flutter_platform_interface:
    dependency: transitive
    description:
      name: webview_flutter_platform_interface
      sha256: "68e86162aa8fc646ae859e1585995c096c95fc2476881fa0c4a8d10f56013a5a"
      url: "https://pub.dev"
    source: hosted
    version: "2.8.0"
  webview_flutter_wkwebview:
    dependency: transitive
    description:
      name: webview_flutter_wkwebview
      sha256: accdaaa49a2aca2dc3c3230907988954cdd23fed0a19525d6c9789d380f4dc76
      url: "https://pub.dev"
    source: hosted
    version: "3.9.4"
  win32:
    dependency: transitive
    description:
      name: win32
      sha256: "7dacfda1edcca378031db9905ad7d7bd56b29fd1a90b0908b71a52a12c41e36b"
      url: "https://pub.dev"
    source: hosted
    version: "5.0.3"
  win32_registry:
    dependency: transitive
    description:
      name: win32_registry
      sha256: e4506d60b7244251bc59df15656a3093501c37fb5af02105a944d73eb95be4c9
      url: "https://pub.dev"
    source: hosted
    version: "1.1.1"
  xdg_directories:
    dependency: transitive
    description:
      name: xdg_directories
      sha256: ee1505df1426458f7f60aac270645098d318a8b4766d85fde75f76f2e21807d1
      url: "https://pub.dev"
    source: hosted
    version: "1.0.0"
  xml:
    dependency: transitive
    description:
      name: xml
      sha256: "979ee37d622dec6365e2efa4d906c37470995871fe9ae080d967e192d88286b5"
      url: "https://pub.dev"
    source: hosted
    version: "6.2.2"
  yaml:
    dependency: transitive
    description:
      name: yaml
      sha256: "75769501ea3489fca56601ff33454fe45507ea3bfb014161abc3b43ae25989d5"
      url: "https://pub.dev"
    source: hosted
    version: "3.1.2"
  youtube_player_flutter:
    dependency: "direct main"
    description:
      name: youtube_player_flutter
      sha256: "71f6e35bd5e27b9e59454a0b43e64d21ff97090d47f422b7e2cbb919e0ff5804"
      url: "https://pub.dev"
    source: hosted
    version: "9.0.0-beta.0"
sdks:
  dart: ">=3.2.6 <4.0.0"
  flutter: ">=3.16.0"
